
Microsoft Visual Studio Solution File, Format Version 12.00
# Visual Studio Version 17
VisualStudioVersion = 17.5.002.0
MinimumVisualStudioVersion = 10.0.40219.1
Project("{2150E333-8FDC-42A3-9474-1A3956D46DE8}") = "src", "src", "{C660D872-CD38-415D-8F0E-0F2F8AE28154}"
EndProject
Project("{2150E333-8FDC-42A3-9474-1A3956D46DE8}") = "Site", "Site", "{D0B1B5B1-5F4F-4571-8B5B-73C13BF2F5F0}"
EndProject
Project("{9A19103F-16F7-4668-BE54-9A1E7A4F7556}") = "PaulSamways", "src\Site\PaulSamways\PaulSamways.csproj", "{6C7B5F9A-CC34-42A1-8DD9-5D52F54E8074}"
EndProject
Global
	GlobalSection(SolutionConfigurationPlatforms) = preSolution
		Debug|Any CPU = Debug|Any CPU
		Release|Any CPU = Release|Any CPU
	EndGlobalSection
	GlobalSection(ProjectConfigurationPlatforms) = postSolution
		{6C7B5F9A-CC34-42A1-8DD9-5D52F54E8074}.Debug|Any CPU.ActiveCfg = Debug|Any CPU
		{6C7B5F9A-CC34-42A1-8DD9-5D52F54E8074}.Debug|Any CPU.Build.0 = Debug|Any CPU
		{6C7B5F9A-CC34-42A1-8DD9-5D52F54E8074}.Release|Any CPU.ActiveCfg = Release|Any CPU
		{6C7B5F9A-CC34-42A1-8DD9-5D52F54E8074}.Release|Any CPU.Build.0 = Release|Any CPU
	EndGlobalSection
	GlobalSection(SolutionProperties) = preSolution
		HideSolutionNode = FALSE
	EndGlobalSection
	GlobalSection(NestedProjects) = preSolution
		{D0B1B5B1-5F4F-4571-8B5B-73C13BF2F5F0} = {C660D872-CD38-415D-8F0E-0F2F8AE28154}
		{6C7B5F9A-CC34-42A1-8DD9-5D52F54E8074} = {D0B1B5B1-5F4F-4571-8B5B-73C13BF2F5F0}
	EndGlobalSection
	GlobalSection(ExtensibilityGlobals) = postSolution
		SolutionGuid = {EF37229B-65F1-4C1C-82AA-1B56E2FBD585}
	EndGlobalSection
EndGlobal
